
Microsoft Visual Studio Solution File, Format Version 12.00
# Visual Studio Version 17
VisualStudioVersion = 17.2.32630.192
MinimumVisualStudioVersion = 10.0.40219.1
Project("{FAE04EC0-301F-11D3-BF4B-00C04F79EFBC}") = "KT13", "KT13\KT13.csproj", "{1EAECD0E-1A3B-4EE4-ADBE-E9D5482BDC11}"
EndProject
Global
	GlobalSection(SolutionConfigurationPlatforms) = preSolution
		Debug|Any CPU = Debug|Any CPU
		Release|Any CPU = Release|Any CPU
	EndGlobalSection
	GlobalSection(ProjectConfigurationPlatforms) = postSolution
		{1EAECD0E-1A3B-4EE4-ADBE-E9D5482BDC11}.Debug|Any CPU.ActiveCfg = Debug|Any CPU
		{1EAECD0E-1A3B-4EE4-ADBE-E9D5482BDC11}.Debug|Any CPU.Build.0 = Debug|Any CPU
		{1EAECD0E-1A3B-4EE4-ADBE-E9D5482BDC11}.Release|Any CPU.ActiveCfg = Release|Any CPU
		{1EAECD0E-1A3B-4EE4-ADBE-E9D5482BDC11}.Release|Any CPU.Build.0 = Release|Any CPU
	EndGlobalSection
	GlobalSection(SolutionProperties) = preSolution
		HideSolutionNode = FALSE
	EndGlobalSection
	GlobalSection(ExtensibilityGlobals) = postSolution
		SolutionGuid = {106E863B-9FEF-4DAC-AE8B-E559E3C5A93A}
	EndGlobalSection
EndGlobal
